
Microsoft Visual Studio Solution File, Format Version 12.00
Project("{FAE04EC0-301F-11D3-BF4B-00C04F79EFBC}") = "Cw6", "Cw6\Cw6.csproj", "{DFD59BC5-1842-40E0-9DA0-2FFDEEEA93EE}"
EndProject
Global
	GlobalSection(SolutionConfigurationPlatforms) = preSolution
		Debug|Any CPU = Debug|Any CPU
		Release|Any CPU = Release|Any CPU
	EndGlobalSection
	GlobalSection(ProjectConfigurationPlatforms) = postSolution
		{DFD59BC5-1842-40E0-9DA0-2FFDEEEA93EE}.Debug|Any CPU.ActiveCfg = Debug|Any CPU
		{DFD59BC5-1842-40E0-9DA0-2FFDEEEA93EE}.Debug|Any CPU.Build.0 = Debug|Any CPU
		{DFD59BC5-1842-40E0-9DA0-2FFDEEEA93EE}.Release|Any CPU.ActiveCfg = Release|Any CPU
		{DFD59BC5-1842-40E0-9DA0-2FFDEEEA93EE}.Release|Any CPU.Build.0 = Release|Any CPU
	EndGlobalSection
EndGlobal
